
Microsoft Visual Studio Solution File, Format Version 12.00
# Visual Studio Version 16
VisualStudioVersion = 16.0.31313.79
MinimumVisualStudioVersion = 10.0.40219.1
Project("{9A19103F-16F7-4668-BE54-9A1E7A4F7556}") = "SignalRServerTest", "SignalRServerTest\SignalRServerTest.csproj", "{2449F632-01FF-425A-BE83-F46C1F4FDA26}"
EndProject
Project("{9A19103F-16F7-4668-BE54-9A1E7A4F7556}") = "BlazorWebAssemblySignalRApp", "BlazorWebAssemblySignalRApp\BlazorWebAssemblySignalRApp.csproj", "{4F0B7ACB-87E8-494B-BEFF-697B3ADA5222}"
EndProject
Project("{FAE04EC0-301F-11D3-BF4B-00C04F79EFBC}") = "WPFSignalRApp", "WPFSignalRApp\WPFSignalRApp.csproj", "{07DD7070-7F3C-4DBA-BA24-1305BF51E1B3}"
EndProject
Global
	GlobalSection(SolutionConfigurationPlatforms) = preSolution
		Debug|Any CPU = Debug|Any CPU
		Release|Any CPU = Release|Any CPU
	EndGlobalSection
	GlobalSection(ProjectConfigurationPlatforms) = postSolution
		{2449F632-01FF-425A-BE83-F46C1F4FDA26}.Debug|Any CPU.ActiveCfg = Debug|Any CPU
		{2449F632-01FF-425A-BE83-F46C1F4FDA26}.Debug|Any CPU.Build.0 = Debug|Any CPU
		{2449F632-01FF-425A-BE83-F46C1F4FDA26}.Release|Any CPU.ActiveCfg = Release|Any CPU
		{2449F632-01FF-425A-BE83-F46C1F4FDA26}.Release|Any CPU.Build.0 = Release|Any CPU
		{4F0B7ACB-87E8-494B-BEFF-697B3ADA5222}.Debug|Any CPU.ActiveCfg = Debug|Any CPU
		{4F0B7ACB-87E8-494B-BEFF-697B3ADA5222}.Debug|Any CPU.Build.0 = Debug|Any CPU
		{4F0B7ACB-87E8-494B-BEFF-697B3ADA5222}.Release|Any CPU.ActiveCfg = Release|Any CPU
		{4F0B7ACB-87E8-494B-BEFF-697B3ADA5222}.Release|Any CPU.Build.0 = Release|Any CPU
		{07DD7070-7F3C-4DBA-BA24-1305BF51E1B3}.Debug|Any CPU.ActiveCfg = Debug|Any CPU
		{07DD7070-7F3C-4DBA-BA24-1305BF51E1B3}.Debug|Any CPU.Build.0 = Debug|Any CPU
		{07DD7070-7F3C-4DBA-BA24-1305BF51E1B3}.Release|Any CPU.ActiveCfg = Release|Any CPU
		{07DD7070-7F3C-4DBA-BA24-1305BF51E1B3}.Release|Any CPU.Build.0 = Release|Any CPU
	EndGlobalSection
	GlobalSection(SolutionProperties) = preSolution
		HideSolutionNode = FALSE
	EndGlobalSection
	GlobalSection(ExtensibilityGlobals) = postSolution
		SolutionGuid = {84085405-4BF1-4A12-948A-78FB84629FC6}
	EndGlobalSection
EndGlobal
